
Microsoft Visual Studio Solution File, Format Version 12.00
# Visual Studio 2012
Project("{E24C65DC-7377-472B-9ABA-BC803B73C61A}") = "PARC_INFORMATIQUE", ".", "{E20F2F88-E378-4079-97AB-0EFE078FA429}"
	ProjectSection(WebsiteProperties) = preProject
		TargetFrameworkMoniker = ".NETFramework,Version%3Dv2.0"
		Debug.AspNetCompiler.VirtualPath = "/PARC_INFORMATIQUE"
		Debug.AspNetCompiler.PhysicalPath = "..\..\..\..\..\..\Inetpub\wwwroot\PARC_INFORMATIQUE\"
		Debug.AspNetCompiler.TargetPath = "PrecompiledWeb\PARC_INFORMATIQUE\"
		Debug.AspNetCompiler.Updateable = "true"
		Debug.AspNetCompiler.ForceOverwrite = "true"
		Debug.AspNetCompiler.FixedNames = "false"
		Debug.AspNetCompiler.Debug = "True"
		Release.AspNetCompiler.VirtualPath = "/PARC_INFORMATIQUE"
		Release.AspNetCompiler.PhysicalPath = "..\..\..\..\..\..\Inetpub\wwwroot\PARC_INFORMATIQUE\"
		Release.AspNetCompiler.TargetPath = "PrecompiledWeb\PARC_INFORMATIQUE\"
		Release.AspNetCompiler.Updateable = "true"
		Release.AspNetCompiler.ForceOverwrite = "true"
		Release.AspNetCompiler.FixedNames = "false"
		Release.AspNetCompiler.Debug = "False"
		VWDPort = "1262"
		DefaultWebSiteLanguage = "Visual Basic"
	EndProjectSection
EndProject
Global
	GlobalSection(SolutionConfigurationPlatforms) = preSolution
		Debug|.NET = Debug|.NET
	EndGlobalSection
	GlobalSection(ProjectConfigurationPlatforms) = postSolution
		{E20F2F88-E378-4079-97AB-0EFE078FA429}.Debug|.NET.ActiveCfg = Debug|Any CPU
	EndGlobalSection
	GlobalSection(SolutionProperties) = preSolution
		HideSolutionNode = FALSE
	EndGlobalSection
EndGlobal
